
Microsoft Visual Studio Solution File, Format Version 12.00
# Visual Studio Version 17
VisualStudioVersion = 17.4.33122.133
MinimumVisualStudioVersion = 10.0.40219.1
Project("{2150E333-8FDC-42A3-9474-1A3956D46DE8}") = "Src", "Src", "{12634CB6-2B33-49A6-B702-C0DE615FE8B2}"
EndProject
Project("{2150E333-8FDC-42A3-9474-1A3956D46DE8}") = "Test", "Test", "{94540708-13E2-46EE-B5D8-669E96B91253}"
EndProject
Project("{2150E333-8FDC-42A3-9474-1A3956D46DE8}") = "Api", "Api", "{AFD7D24A-DC37-4B81-A2DD-5EFC736245BC}"
EndProject
Project("{2150E333-8FDC-42A3-9474-1A3956D46DE8}") = "Core", "Core", "{C0E6910D-3971-4234-9CEB-FB70C147A696}"
EndProject
Project("{2150E333-8FDC-42A3-9474-1A3956D46DE8}") = "infrastructure", "infrastructure", "{EC71BDAD-0A4F-492A-815F-A4692D090EA5}"
EndProject
Project("{2150E333-8FDC-42A3-9474-1A3956D46DE8}") = "Ui", "Ui", "{8CBFC2D4-783C-4121-AC5C-9F7BF1A9CC9A}"
EndProject
Project("{9A19103F-16F7-4668-BE54-9A1E7A4F7556}") = "HR.LeaveManagement.Domain", "HR.LeaveManagement.Domain\HR.LeaveManagement.Domain.csproj", "{138CF528-9DE2-4A4F-A4B9-7EE50401E923}"
EndProject
Project("{9A19103F-16F7-4668-BE54-9A1E7A4F7556}") = "HR.LeaveManagement.Application", "HR.LeaveManagement.Application\HR.LeaveManagement.Application.csproj", "{F3D2810E-52F1-4145-A5B3-D298E6EEFFEE}"
EndProject
Project("{9A19103F-16F7-4668-BE54-9A1E7A4F7556}") = "HR.LeaveManagement.infrastructure", "HR.LeaveManagement.infrastructure\HR.LeaveManagement.infrastructure.csproj", "{FB3B62A7-560D-495B-9B72-143FA552ECAF}"
EndProject
Project("{9A19103F-16F7-4668-BE54-9A1E7A4F7556}") = "HR.LeaveManagement.Persistence", "HR.LeaveManagement.Persistence\HR.LeaveManagement.Persistence.csproj", "{1919DB3D-3E36-4C6D-B6E2-83B382299F17}"
EndProject
Project("{9A19103F-16F7-4668-BE54-9A1E7A4F7556}") = "HR.LeaveManagement.Api", "HR.LeaveManagement.Api\HR.LeaveManagement.Api.csproj", "{960066B7-D67D-4BD5-8CFB-74B9BE124622}"
EndProject
Project("{FAE04EC0-301F-11D3-BF4B-00C04F79EFBC}") = "HR.LeaveManagement.Application.UnitTests", "HR.LeaveManagement.Application.UnitTests\HR.LeaveManagement.Application.UnitTests.csproj", "{A84FB09E-7390-4C10-A3C7-350A4A1684ED}"
EndProject
Global
	GlobalSection(SolutionConfigurationPlatforms) = preSolution
		Debug|Any CPU = Debug|Any CPU
		Release|Any CPU = Release|Any CPU
	EndGlobalSection
	GlobalSection(ProjectConfigurationPlatforms) = postSolution
		{138CF528-9DE2-4A4F-A4B9-7EE50401E923}.Debug|Any CPU.ActiveCfg = Debug|Any CPU
		{138CF528-9DE2-4A4F-A4B9-7EE50401E923}.Debug|Any CPU.Build.0 = Debug|Any CPU
		{138CF528-9DE2-4A4F-A4B9-7EE50401E923}.Release|Any CPU.ActiveCfg = Release|Any CPU
		{138CF528-9DE2-4A4F-A4B9-7EE50401E923}.Release|Any CPU.Build.0 = Release|Any CPU
		{F3D2810E-52F1-4145-A5B3-D298E6EEFFEE}.Debug|Any CPU.ActiveCfg = Debug|Any CPU
		{F3D2810E-52F1-4145-A5B3-D298E6EEFFEE}.Debug|Any CPU.Build.0 = Debug|Any CPU
		{F3D2810E-52F1-4145-A5B3-D298E6EEFFEE}.Release|Any CPU.ActiveCfg = Release|Any CPU
		{F3D2810E-52F1-4145-A5B3-D298E6EEFFEE}.Release|Any CPU.Build.0 = Release|Any CPU
		{FB3B62A7-560D-495B-9B72-143FA552ECAF}.Debug|Any CPU.ActiveCfg = Debug|Any CPU
		{FB3B62A7-560D-495B-9B72-143FA552ECAF}.Debug|Any CPU.Build.0 = Debug|Any CPU
		{FB3B62A7-560D-495B-9B72-143FA552ECAF}.Release|Any CPU.ActiveCfg = Release|Any CPU
		{FB3B62A7-560D-495B-9B72-143FA552ECAF}.Release|Any CPU.Build.0 = Release|Any CPU
		{1919DB3D-3E36-4C6D-B6E2-83B382299F17}.Debug|Any CPU.ActiveCfg = Debug|Any CPU
		{1919DB3D-3E36-4C6D-B6E2-83B382299F17}.Debug|Any CPU.Build.0 = Debug|Any CPU
		{1919DB3D-3E36-4C6D-B6E2-83B382299F17}.Release|Any CPU.ActiveCfg = Release|Any CPU
		{1919DB3D-3E36-4C6D-B6E2-83B382299F17}.Release|Any CPU.Build.0 = Release|Any CPU
		{960066B7-D67D-4BD5-8CFB-74B9BE124622}.Debug|Any CPU.ActiveCfg = Debug|Any CPU
		{960066B7-D67D-4BD5-8CFB-74B9BE124622}.Debug|Any CPU.Build.0 = Debug|Any CPU
		{960066B7-D67D-4BD5-8CFB-74B9BE124622}.Release|Any CPU.ActiveCfg = Release|Any CPU
		{960066B7-D67D-4BD5-8CFB-74B9BE124622}.Release|Any CPU.Build.0 = Release|Any CPU
		{A84FB09E-7390-4C10-A3C7-350A4A1684ED}.Debug|Any CPU.ActiveCfg = Debug|Any CPU
		{A84FB09E-7390-4C10-A3C7-350A4A1684ED}.Debug|Any CPU.Build.0 = Debug|Any CPU
		{A84FB09E-7390-4C10-A3C7-350A4A1684ED}.Release|Any CPU.ActiveCfg = Release|Any CPU
		{A84FB09E-7390-4C10-A3C7-350A4A1684ED}.Release|Any CPU.Build.0 = Release|Any CPU
	EndGlobalSection
	GlobalSection(SolutionProperties) = preSolution
		HideSolutionNode = FALSE
	EndGlobalSection
	GlobalSection(NestedProjects) = preSolution
		{AFD7D24A-DC37-4B81-A2DD-5EFC736245BC} = {12634CB6-2B33-49A6-B702-C0DE615FE8B2}
		{C0E6910D-3971-4234-9CEB-FB70C147A696} = {12634CB6-2B33-49A6-B702-C0DE615FE8B2}
		{EC71BDAD-0A4F-492A-815F-A4692D090EA5} = {12634CB6-2B33-49A6-B702-C0DE615FE8B2}
		{8CBFC2D4-783C-4121-AC5C-9F7BF1A9CC9A} = {12634CB6-2B33-49A6-B702-C0DE615FE8B2}
		{138CF528-9DE2-4A4F-A4B9-7EE50401E923} = {C0E6910D-3971-4234-9CEB-FB70C147A696}
		{F3D2810E-52F1-4145-A5B3-D298E6EEFFEE} = {C0E6910D-3971-4234-9CEB-FB70C147A696}
		{FB3B62A7-560D-495B-9B72-143FA552ECAF} = {EC71BDAD-0A4F-492A-815F-A4692D090EA5}
		{1919DB3D-3E36-4C6D-B6E2-83B382299F17} = {EC71BDAD-0A4F-492A-815F-A4692D090EA5}
		{960066B7-D67D-4BD5-8CFB-74B9BE124622} = {AFD7D24A-DC37-4B81-A2DD-5EFC736245BC}
		{A84FB09E-7390-4C10-A3C7-350A4A1684ED} = {94540708-13E2-46EE-B5D8-669E96B91253}
	EndGlobalSection
	GlobalSection(ExtensibilityGlobals) = postSolution
		SolutionGuid = {60A164CA-2EBD-45A5-BDBC-C55FE2F4C7C1}
	EndGlobalSection
EndGlobal
